
Microsoft Visual Studio Solution File, Format Version 12.00
# Visual Studio Version 17
VisualStudioVersion = 17.13.35931.197 d17.13
MinimumVisualStudioVersion = 10.0.40219.1
Project("{FAE04EC0-301F-11D3-BF4B-00C04F79EFBC}") = "Algoritmos", "Algoritmos\Algoritmos.csproj", "{AC9F5126-9294-430E-AC0B-EF5BC1B11593}"
EndProject
Global
	GlobalSection(SolutionConfigurationPlatforms) = preSolution
		Debug|Any CPU = Debug|Any CPU
		Release|Any CPU = Release|Any CPU
	EndGlobalSection
	GlobalSection(ProjectConfigurationPlatforms) = postSolution
		{AC9F5126-9294-430E-AC0B-EF5BC1B11593}.Debug|Any CPU.ActiveCfg = Debug|Any CPU
		{AC9F5126-9294-430E-AC0B-EF5BC1B11593}.Debug|Any CPU.Build.0 = Debug|Any CPU
		{AC9F5126-9294-430E-AC0B-EF5BC1B11593}.Release|Any CPU.ActiveCfg = Release|Any CPU
		{AC9F5126-9294-430E-AC0B-EF5BC1B11593}.Release|Any CPU.Build.0 = Release|Any CPU
	EndGlobalSection
	GlobalSection(SolutionProperties) = preSolution
		HideSolutionNode = FALSE
	EndGlobalSection
	GlobalSection(ExtensibilityGlobals) = postSolution
		SolutionGuid = {870866F8-390A-427B-9EF6-F27152691297}
	EndGlobalSection
EndGlobal
